
Microsoft Visual Studio Solution File, Format Version 12.00
# Visual Studio Version 16
VisualStudioVersion = 16.0.31624.102
MinimumVisualStudioVersion = 10.0.40219.1
Project("{9A19103F-16F7-4668-BE54-9A1E7A4F7556}") = "ReactAu", "ReactAu\ReactAu.csproj", "{8F9EE469-F5C8-421F-AA36-E432727ABC78}"
EndProject
Project("{9A19103F-16F7-4668-BE54-9A1E7A4F7556}") = "WebApp1", "WebApp1\WebApp1.csproj", "{ABA2D966-A52D-4CA8-B4A0-A61576E5A1FC}"
EndProject
Global
	GlobalSection(SolutionConfigurationPlatforms) = preSolution
		Debug|Any CPU = Debug|Any CPU
		Release|Any CPU = Release|Any CPU
	EndGlobalSection
	GlobalSection(ProjectConfigurationPlatforms) = postSolution
		{8F9EE469-F5C8-421F-AA36-E432727ABC78}.Debug|Any CPU.ActiveCfg = Debug|Any CPU
		{8F9EE469-F5C8-421F-AA36-E432727ABC78}.Debug|Any CPU.Build.0 = Debug|Any CPU
		{8F9EE469-F5C8-421F-AA36-E432727ABC78}.Release|Any CPU.ActiveCfg = Release|Any CPU
		{8F9EE469-F5C8-421F-AA36-E432727ABC78}.Release|Any CPU.Build.0 = Release|Any CPU
		{ABA2D966-A52D-4CA8-B4A0-A61576E5A1FC}.Debug|Any CPU.ActiveCfg = Debug|Any CPU
		{ABA2D966-A52D-4CA8-B4A0-A61576E5A1FC}.Debug|Any CPU.Build.0 = Debug|Any CPU
		{ABA2D966-A52D-4CA8-B4A0-A61576E5A1FC}.Release|Any CPU.ActiveCfg = Release|Any CPU
		{ABA2D966-A52D-4CA8-B4A0-A61576E5A1FC}.Release|Any CPU.Build.0 = Release|Any CPU
	EndGlobalSection
	GlobalSection(SolutionProperties) = preSolution
		HideSolutionNode = FALSE
	EndGlobalSection
	GlobalSection(ExtensibilityGlobals) = postSolution
		SolutionGuid = {54A7843C-DC93-450C-9A27-61329AA3B175}
	EndGlobalSection
EndGlobal
